
Microsoft Visual Studio Solution File, Format Version 12.00
# Visual Studio Version 16
VisualStudioVersion = 16.0.31729.503
MinimumVisualStudioVersion = 10.0.40219.1
Project("{FAE04EC0-301F-11D3-BF4B-00C04F79EFBC}") = "Lab_2", "Lab_2\Lab_2.csproj", "{5FE71CCF-73F5-4457-A9AA-2C3372D3D4C3}"
EndProject
Global
	GlobalSection(SolutionConfigurationPlatforms) = preSolution
		Debug|Any CPU = Debug|Any CPU
		Release|Any CPU = Release|Any CPU
	EndGlobalSection
	GlobalSection(ProjectConfigurationPlatforms) = postSolution
		{5FE71CCF-73F5-4457-A9AA-2C3372D3D4C3}.Debug|Any CPU.ActiveCfg = Debug|Any CPU
		{5FE71CCF-73F5-4457-A9AA-2C3372D3D4C3}.Debug|Any CPU.Build.0 = Debug|Any CPU
		{5FE71CCF-73F5-4457-A9AA-2C3372D3D4C3}.Release|Any CPU.ActiveCfg = Release|Any CPU
		{5FE71CCF-73F5-4457-A9AA-2C3372D3D4C3}.Release|Any CPU.Build.0 = Release|Any CPU
	EndGlobalSection
	GlobalSection(SolutionProperties) = preSolution
		HideSolutionNode = FALSE
	EndGlobalSection
	GlobalSection(ExtensibilityGlobals) = postSolution
		SolutionGuid = {51AAB7CB-4E3F-46B1-A4F4-343E7CA85DE7}
	EndGlobalSection
EndGlobal
